
Microsoft Visual Studio Solution File, Format Version 12.00
# Visual Studio Version 17
VisualStudioVersion = 17.6.33723.286
MinimumVisualStudioVersion = 10.0.40219.1
Project("{8BC9CEB8-8B4A-11D0-8D11-00A0C91BC942}") = "PfxToPem", "PfxToPem\PfxToPem.vcxproj", "{2ED6516C-09FE-4060-BDE1-98818589A94E}"
EndProject
Project("{8BC9CEB8-8B4A-11D0-8D11-00A0C91BC942}") = "PFXviewer", "PfxViwer\pfxviewer.vcxproj", "{2978948A-2E63-47C2-9706-539E89FCCF52}"
EndProject
Project("{8BC9CEB8-8B4A-11D0-8D11-00A0C91BC942}") = "Pem", "Pem\Pem.vcxproj", "{9615967D-0A26-5B1E-D4EF-2969DFF5B79F}"
EndProject
Global
	GlobalSection(SolutionConfigurationPlatforms) = preSolution
		Release|x64 = Release|x64
		Release|x86 = Release|x86
	EndGlobalSection
	GlobalSection(ProjectConfigurationPlatforms) = postSolution
		{2ED6516C-09FE-4060-BDE1-98818589A94E}.Release|x64.ActiveCfg = Release|x64
		{2ED6516C-09FE-4060-BDE1-98818589A94E}.Release|x64.Build.0 = Release|x64
		{2ED6516C-09FE-4060-BDE1-98818589A94E}.Release|x86.ActiveCfg = Release|Win32
		{2ED6516C-09FE-4060-BDE1-98818589A94E}.Release|x86.Build.0 = Release|Win32
		{2978948A-2E63-47C2-9706-539E89FCCF52}.Release|x64.ActiveCfg = Release|x64
		{2978948A-2E63-47C2-9706-539E89FCCF52}.Release|x64.Build.0 = Release|x64
		{2978948A-2E63-47C2-9706-539E89FCCF52}.Release|x86.ActiveCfg = Release|Win32
		{2978948A-2E63-47C2-9706-539E89FCCF52}.Release|x86.Build.0 = Release|Win32
		{9615967D-0A26-5B1E-D4EF-2969DFF5B79F}.Release|x64.ActiveCfg = Release|x64
		{9615967D-0A26-5B1E-D4EF-2969DFF5B79F}.Release|x64.Build.0 = Release|x64
		{9615967D-0A26-5B1E-D4EF-2969DFF5B79F}.Release|x86.ActiveCfg = Release|Win32
		{9615967D-0A26-5B1E-D4EF-2969DFF5B79F}.Release|x86.Build.0 = Release|Win32
	EndGlobalSection
	GlobalSection(SolutionProperties) = preSolution
		HideSolutionNode = FALSE
	EndGlobalSection
	GlobalSection(ExtensibilityGlobals) = postSolution
		    SolutionGuid = {31E95A3C-0BE4-4890-815C-0391F78DB4AF}
		SolutionGuid = {0A7AB709-7E2F-4C29-BCBC-0C0093D1DE9D}
	EndGlobalSection
EndGlobal
